
Microsoft Visual Studio Solution File, Format Version 12.00
# Visual Studio Version 17
VisualStudioVersion = 17.4.33205.214
MinimumVisualStudioVersion = 10.0.40219.1
Project("{9A19103F-16F7-4668-BE54-9A1E7A4F7556}") = "BlazorEcommerce.Server", "BlazorEcommerce\Server\BlazorEcommerce.Server.csproj", "{78175276-398C-4E1F-B2A9-C582BB147F74}"
EndProject
Project("{9A19103F-16F7-4668-BE54-9A1E7A4F7556}") = "BlazorEcommerce.Client", "BlazorEcommerce\Client\BlazorEcommerce.Client.csproj", "{ED84244E-B8C3-4C09-A59D-C30CF42DEAAE}"
EndProject
Project("{9A19103F-16F7-4668-BE54-9A1E7A4F7556}") = "BlazorEcommerce.Shared", "BlazorEcommerce\Shared\BlazorEcommerce.Shared.csproj", "{1DE5AA8B-1435-4542-8480-7C1A764A2DD9}"
EndProject
Global
	GlobalSection(SolutionConfigurationPlatforms) = preSolution
		Debug|Any CPU = Debug|Any CPU
		Release|Any CPU = Release|Any CPU
	EndGlobalSection
	GlobalSection(ProjectConfigurationPlatforms) = postSolution
		{78175276-398C-4E1F-B2A9-C582BB147F74}.Debug|Any CPU.ActiveCfg = Debug|Any CPU
		{78175276-398C-4E1F-B2A9-C582BB147F74}.Debug|Any CPU.Build.0 = Debug|Any CPU
		{78175276-398C-4E1F-B2A9-C582BB147F74}.Release|Any CPU.ActiveCfg = Release|Any CPU
		{78175276-398C-4E1F-B2A9-C582BB147F74}.Release|Any CPU.Build.0 = Release|Any CPU
		{ED84244E-B8C3-4C09-A59D-C30CF42DEAAE}.Debug|Any CPU.ActiveCfg = Debug|Any CPU
		{ED84244E-B8C3-4C09-A59D-C30CF42DEAAE}.Debug|Any CPU.Build.0 = Debug|Any CPU
		{ED84244E-B8C3-4C09-A59D-C30CF42DEAAE}.Release|Any CPU.ActiveCfg = Release|Any CPU
		{ED84244E-B8C3-4C09-A59D-C30CF42DEAAE}.Release|Any CPU.Build.0 = Release|Any CPU
		{1DE5AA8B-1435-4542-8480-7C1A764A2DD9}.Debug|Any CPU.ActiveCfg = Debug|Any CPU
		{1DE5AA8B-1435-4542-8480-7C1A764A2DD9}.Debug|Any CPU.Build.0 = Debug|Any CPU
		{1DE5AA8B-1435-4542-8480-7C1A764A2DD9}.Release|Any CPU.ActiveCfg = Release|Any CPU
		{1DE5AA8B-1435-4542-8480-7C1A764A2DD9}.Release|Any CPU.Build.0 = Release|Any CPU
	EndGlobalSection
	GlobalSection(SolutionProperties) = preSolution
		HideSolutionNode = FALSE
	EndGlobalSection
	GlobalSection(ExtensibilityGlobals) = postSolution
		SolutionGuid = {523B81BF-DEE0-4104-988E-2BF1C51765A4}
	EndGlobalSection
EndGlobal
